// !$*UTF8*$!
{
	archiveVersion = 1;
	classes = {
	};
	objectVersion = 46;
	objects = {

/* Begin PBXBuildFile section */
		613CCD741B9787A500084D85 /* AppDelegate.swift in Sources */ = {isa = PBXBuildFile; fileRef = 613CCD731B9787A500084D85 /* AppDelegate.swift */; };
		613CCD761B9787A500084D85 /* ViewController.swift in Sources */ = {isa = PBXBuildFile; fileRef = 613CCD751B9787A500084D85 /* ViewController.swift */; };
		613CCD791B9787A500084D85 /* Main.storyboard in Resources */ = {isa = PBXBuildFile; fileRef = 613CCD771B9787A500084D85 /* Main.storyboard */; };
		613CCD7B1B9787A500084D85 /* Images.xcassets in Resources */ = {isa = PBXBuildFile; fileRef = 613CCD7A1B9787A500084D85 /* Images.xcassets */; };
		613CCD951B97880900084D85 /* VS.framework in Frameworks */ = {isa = PBXBuildFile; fileRef = 613CCD941B97880900084D85 /* VS.framework */; };
		613CCD991B978A2900084D85 /* AVFoundation.framework in Frameworks */ = {isa = PBXBuildFile; fileRef = 613CCD981B978A2900084D85 /* AVFoundation.framework */; };
		613CCD9B1B978A2E00084D85 /* CoreMotion.framework in Frameworks */ = {isa = PBXBuildFile; fileRef = 613CCD9A1B978A2E00084D85 /* CoreMotion.framework */; };
		613CCD9D1B978A3200084D85 /* Foundation.framework in Frameworks */ = {isa = PBXBuildFile; fileRef = 613CCD9C1B978A3200084D85 /* Foundation.framework */; };
		613CCD9F1B978A3D00084D85 /* UIKit.framework in Frameworks */ = {isa = PBXBuildFile; fileRef = 613CCD9E1B978A3D00084D85 /* UIKit.framework */; };
		613CCDA11B978A4200084D85 /* Accelerate.framework in Frameworks */ = {isa = PBXBuildFile; fileRef = 613CCDA01B978A4200084D85 /* Accelerate.framework */; };
		613CCDA31B978AAF00084D85 /* libiconv.dylib in Frameworks */ = {isa = PBXBuildFile; fileRef = 613CCDA21B978AAF00084D85 /* libiconv.dylib */; };
		613CCDA51B978AB700084D85 /* QuartzCore.framework in Frameworks */ = {isa = PBXBuildFile; fileRef = 613CCDA41B978AB700084D85 /* QuartzCore.framework */; };
		613CCDA71B978ABD00084D85 /* CoreMedia.framework in Frameworks */ = {isa = PBXBuildFile; fileRef = 613CCDA61B978ABD00084D85 /* CoreMedia.framework */; };
		613CCDA91B978AC300084D85 /* CoreGraphics.framework in Frameworks */ = {isa = PBXBuildFile; fileRef = 613CCDA81B978AC300084D85 /* CoreGraphics.framework */; };
		613CCDAB1B978AE200084D85 /* CoreVideo.framework in Frameworks */ = {isa = PBXBuildFile; fileRef = 613CCDAA1B978AE200084D85 /* CoreVideo.framework */; };
		613CCDB41B97942700084D85 /* libstdc++.6.0.9.dylib in Frameworks */ = {isa = PBXBuildFile; fileRef = 613CCDB31B97942700084D85 /* libstdc++.6.0.9.dylib */; };
		613CCDDA1B989C5300084D85 /* CaptureSessionManager.m in Sources */ = {isa = PBXBuildFile; fileRef = 613CCDD91B989C5300084D85 /* CaptureSessionManager.m */; };
		613CCDDC1B98C0B100084D85 /* aumentia®.png in Resources */ = {isa = PBXBuildFile; fileRef = 613CCDDB1B98C0B100084D85 /* aumentia®.png */; };
		613CCDDF1B98C2FC00084D85 /* Launch Screen.xib in Resources */ = {isa = PBXBuildFile; fileRef = 613CCDDD1B98C2FC00084D85 /* Launch Screen.xib */; };
/* End PBXBuildFile section */

/* Begin PBXFileReference section */
		613CCD6E1B9787A500084D85 /* HelloMotionDetectSwift.app */ = {isa = PBXFileReference; explicitFileType = wrapper.application; includeInIndex = 0; path = HelloMotionDetectSwift.app; sourceTree = BUILT_PRODUCTS_DIR; };
		613CCD721B9787A500084D85 /* Info.plist */ = {isa = PBXFileReference; lastKnownFileType = text.plist.xml; path = Info.plist; sourceTree = "<group>"; };
		613CCD731B9787A500084D85 /* AppDelegate.swift */ = {isa = PBXFileReference; lastKnownFileType = sourcecode.swift; path = AppDelegate.swift; sourceTree = "<group>"; };
		613CCD751B9787A500084D85 /* ViewController.swift */ = {isa = PBXFileReference; lastKnownFileType = sourcecode.swift; path = ViewController.swift; sourceTree = "<group>"; };
		613CCD781B9787A500084D85 /* Base */ = {isa = PBXFileReference; lastKnownFileType = file.storyboard; name = Base; path = Base.lproj/Main.storyboard; sourceTree = "<group>"; };
		613CCD7A1B9787A500084D85 /* Images.xcassets */ = {isa = PBXFileReference; lastKnownFileType = folder.assetcatalog; path = Images.xcassets; sourceTree = "<group>"; };
		613CCD941B97880900084D85 /* VS.framework */ = {isa = PBXFileReference; lastKnownFileType = wrapper.framework; path = VS.framework; sourceTree = "<group>"; };
		613CCD981B978A2900084D85 /* AVFoundation.framework */ = {isa = PBXFileReference; lastKnownFileType = wrapper.framework; name = AVFoundation.framework; path = System/Library/Frameworks/AVFoundation.framework; sourceTree = SDKROOT; };
		613CCD9A1B978A2E00084D85 /* CoreMotion.framework */ = {isa = PBXFileReference; lastKnownFileType = wrapper.framework; name = CoreMotion.framework; path = System/Library/Frameworks/CoreMotion.framework; sourceTree = SDKROOT; };
		613CCD9C1B978A3200084D85 /* Foundation.framework */ = {isa = PBXFileReference; lastKnownFileType = wrapper.framework; name = Foundation.framework; path = System/Library/Frameworks/Foundation.framework; sourceTree = SDKROOT; };
		613CCD9E1B978A3D00084D85 /* UIKit.framework */ = {isa = PBXFileReference; lastKnownFileType = wrapper.framework; name = UIKit.framework; path = System/Library/Frameworks/UIKit.framework; sourceTree = SDKROOT; };
		613CCDA01B978A4200084D85 /* Accelerate.framework */ = {isa = PBXFileReference; lastKnownFileType = wrapper.framework; name = Accelerate.framework; path = System/Library/Frameworks/Accelerate.framework; sourceTree = SDKROOT; };
		613CCDA21B978AAF00084D85 /* libiconv.dylib */ = {isa = PBXFileReference; lastKnownFileType = "compiled.mach-o.dylib"; name = libiconv.dylib; path = usr/lib/libiconv.dylib; sourceTree = SDKROOT; };
		613CCDA41B978AB700084D85 /* QuartzCore.framework */ = {isa = PBXFileReference; lastKnownFileType = wrapper.framework; name = QuartzCore.framework; path = System/Library/Frameworks/QuartzCore.framework; sourceTree = SDKROOT; };
		613CCDA61B978ABD00084D85 /* CoreMedia.framework */ = {isa = PBXFileReference; lastKnownFileType = wrapper.framework; name = CoreMedia.framework; path = System/Library/Frameworks/CoreMedia.framework; sourceTree = SDKROOT; };
		613CCDA81B978AC300084D85 /* CoreGraphics.framework */ = {isa = PBXFileReference; lastKnownFileType = wrapper.framework; name = CoreGraphics.framework; path = System/Library/Frameworks/CoreGraphics.framework; sourceTree = SDKROOT; };
		613CCDAA1B978AE200084D85 /* CoreVideo.framework */ = {isa = PBXFileReference; lastKnownFileType = wrapper.framework; name = CoreVideo.framework; path = System/Library/Frameworks/CoreVideo.framework; sourceTree = SDKROOT; };
		613CCDAC1B978C1B00084D85 /* HelloMotionDetectSwift-Bridging-Header.h */ = {isa = PBXFileReference; lastKnownFileType = sourcecode.c.h; path = "HelloMotionDetectSwift-Bridging-Header.h"; sourceTree = "<group>"; };
		613CCDB31B97942700084D85 /* libstdc++.6.0.9.dylib */ = {isa = PBXFileReference; lastKnownFileType = "compiled.mach-o.dylib"; name = "libstdc++.6.0.9.dylib"; path = "usr/lib/libstdc++.6.0.9.dylib"; sourceTree = SDKROOT; };
		613CCDD81B989C5300084D85 /* CaptureSessionManager.h */ = {isa = PBXFileReference; fileEncoding = 4; lastKnownFileType = sourcecode.c.h; path = CaptureSessionManager.h; sourceTree = "<group>"; };
		613CCDD91B989C5300084D85 /* CaptureSessionManager.m */ = {isa = PBXFileReference; fileEncoding = 4; lastKnownFileType = sourcecode.c.objc; path = CaptureSessionManager.m; sourceTree = "<group>"; };
		613CCDDB1B98C0B100084D85 /* aumentia®.png */ = {isa = PBXFileReference; lastKnownFileType = image.png; path = "aumentia®.png"; sourceTree = "<group>"; };
		613CCDDE1B98C2FC00084D85 /* Base */ = {isa = PBXFileReference; lastKnownFileType = file.xib; name = Base; path = "../../HelloMotionDetect_iOS/HelloMotionDetect_iOS/Base.lproj/Launch Screen.xib"; sourceTree = "<group>"; };
/* End PBXFileReference section */

/* Begin PBXFrameworksBuildPhase section */
		613CCD6B1B9787A500084D85 /* Frameworks */ = {
			isa = PBXFrameworksBuildPhase;
			buildActionMask = 2147483647;
			files = (
				613CCDB41B97942700084D85 /* libstdc++.6.0.9.dylib in Frameworks */,
				613CCDAB1B978AE200084D85 /* CoreVideo.framework in Frameworks */,
				613CCDA91B978AC300084D85 /* CoreGraphics.framework in Frameworks */,
				613CCDA71B978ABD00084D85 /* CoreMedia.framework in Frameworks */,
				613CCDA51B978AB700084D85 /* QuartzCore.framework in Frameworks */,
				613CCDA31B978AAF00084D85 /* libiconv.dylib in Frameworks */,
				613CCDA11B978A4200084D85 /* Accelerate.framework in Frameworks */,
				613CCD9F1B978A3D00084D85 /* UIKit.framework in Frameworks */,
				613CCD9D1B978A3200084D85 /* Foundation.framework in Frameworks */,
				613CCD9B1B978A2E00084D85 /* CoreMotion.framework in Frameworks */,
				613CCD991B978A2900084D85 /* AVFoundation.framework in Frameworks */,
				613CCD951B97880900084D85 /* VS.framework in Frameworks */,
			);
			runOnlyForDeploymentPostprocessing = 0;
		};
/* End PBXFrameworksBuildPhase section */

/* Begin PBXGroup section */
		613CCD651B9787A500084D85 = {
			isa = PBXGroup;
			children = (
				613CCD701B9787A500084D85 /* HelloMotionDetectSwift */,
				613CCD6F1B9787A500084D85 /* Products */,
			);
			sourceTree = "<group>";
		};
		613CCD6F1B9787A500084D85 /* Products */ = {
			isa = PBXGroup;
			children = (
				613CCD6E1B9787A500084D85 /* HelloMotionDetectSwift.app */,
			);
			name = Products;
			sourceTree = "<group>";
		};
		613CCD701B9787A500084D85 /* HelloMotionDetectSwift */ = {
			isa = PBXGroup;
			children = (
				613CCDD81B989C5300084D85 /* CaptureSessionManager.h */,
				613CCDD91B989C5300084D85 /* CaptureSessionManager.m */,
				613CCD731B9787A500084D85 /* AppDelegate.swift */,
				613CCD751B9787A500084D85 /* ViewController.swift */,
				613CCD771B9787A500084D85 /* Main.storyboard */,
				613CCDDD1B98C2FC00084D85 /* Launch Screen.xib */,
				613CCD7A1B9787A500084D85 /* Images.xcassets */,
				613CCD931B97880900084D85 /* SDK */,
				613CCD711B9787A500084D85 /* Supporting Files */,
				613CCDAC1B978C1B00084D85 /* HelloMotionDetectSwift-Bridging-Header.h */,
			);
			path = HelloMotionDetectSwift;
			sourceTree = "<group>";
		};
		613CCD711B9787A500084D85 /* Supporting Files */ = {
			isa = PBXGroup;
			children = (
				613CCDDB1B98C0B100084D85 /* aumentia®.png */,
				613CCDB31B97942700084D85 /* libstdc++.6.0.9.dylib */,
				613CCDA21B978AAF00084D85 /* libiconv.dylib */,
				613CCDAA1B978AE200084D85 /* CoreVideo.framework */,
				613CCDA81B978AC300084D85 /* CoreGraphics.framework */,
				613CCDA61B978ABD00084D85 /* CoreMedia.framework */,
				613CCDA41B978AB700084D85 /* QuartzCore.framework */,
				613CCDA01B978A4200084D85 /* Accelerate.framework */,
				613CCD9E1B978A3D00084D85 /* UIKit.framework */,
				613CCD9C1B978A3200084D85 /* Foundation.framework */,
				613CCD9A1B978A2E00084D85 /* CoreMotion.framework */,
				613CCD981B978A2900084D85 /* AVFoundation.framework */,
				613CCD721B9787A500084D85 /* Info.plist */,
			);
			name = "Supporting Files";
			sourceTree = "<group>";
		};
		613CCD931B97880900084D85 /* SDK */ = {
			isa = PBXGroup;
			children = (
				613CCD941B97880900084D85 /* VS.framework */,
			);
			path = SDK;
			sourceTree = "<group>";
		};
/* End PBXGroup section */

/* Begin PBXNativeTarget section */
		613CCD6D1B9787A500084D85 /* HelloMotionDetectSwift */ = {
			isa = PBXNativeTarget;
			buildConfigurationList = 613CCD8D1B9787A500084D85 /* Build configuration list for PBXNativeTarget "HelloMotionDetectSwift" */;
			buildPhases = (
				613CCD6A1B9787A500084D85 /* Sources */,
				613CCD6B1B9787A500084D85 /* Frameworks */,
				613CCD6C1B9787A500084D85 /* Resources */,
			);
			buildRules = (
			);
			dependencies = (
			);
			name = HelloMotionDetectSwift;
			productName = HelloMotionDetectSwift;
			productReference = 613CCD6E1B9787A500084D85 /* HelloMotionDetectSwift.app */;
			productType = "com.apple.product-type.application";
		};
/* End PBXNativeTarget section */

/* Begin PBXProject section */
		613CCD661B9787A500084D85 /* Project object */ = {
			isa = PBXProject;
			attributes = {
				LastUpgradeCheck = 0640;
				ORGANIZATIONNAME = "Aumentia Technologies SL";
				TargetAttributes = {
					613CCD6D1B9787A500084D85 = {
						CreatedOnToolsVersion = 6.4;
					};
				};
			};
			buildConfigurationList = 613CCD691B9787A500084D85 /* Build configuration list for PBXProject "HelloMotionDetectSwift" */;
			compatibilityVersion = "Xcode 3.2";
			developmentRegion = English;
			hasScannedForEncodings = 0;
			knownRegions = (
				en,
				Base,
			);
			mainGroup = 613CCD651B9787A500084D85;
			productRefGroup = 613CCD6F1B9787A500084D85 /* Products */;
			projectDirPath = "";
			projectRoot = "";
			targets = (
				613CCD6D1B9787A500084D85 /* HelloMotionDetectSwift */,
			);
		};
/* End PBXProject section */

/* Begin PBXResourcesBuildPhase section */
		613CCD6C1B9787A500084D85 /* Resources */ = {
			isa = PBXResourcesBuildPhase;
			buildActionMask = 2147483647;
			files = (
				613CCDDF1B98C2FC00084D85 /* Launch Screen.xib in Resources */,
				613CCD791B9787A500084D85 /* Main.storyboard in Resources */,
				613CCDDC1B98C0B100084D85 /* aumentia®.png in Resources */,
				613CCD7B1B9787A500084D85 /* Images.xcassets in Resources */,
			);
			runOnlyForDeploymentPostprocessing = 0;
		};
/* End PBXResourcesBuildPhase section */

/* Begin PBXSourcesBuildPhase section */
		613CCD6A1B9787A500084D85 /* Sources */ = {
			isa = PBXSourcesBuildPhase;
			buildActionMask = 2147483647;
			files = (
				613CCD761B9787A500084D85 /* ViewController.swift in Sources */,
				613CCD741B9787A500084D85 /* AppDelegate.swift in Sources */,
				613CCDDA1B989C5300084D85 /* CaptureSessionManager.m in Sources */,
			);
			runOnlyForDeploymentPostprocessing = 0;
		};
/* End PBXSourcesBuildPhase section */

/* Begin PBXVariantGroup section */
		613CCD771B9787A500084D85 /* Main.storyboard */ = {
			isa = PBXVariantGroup;
			children = (
				613CCD781B9787A500084D85 /* Base */,
			);
			name = Main.storyboard;
			sourceTree = "<group>";
		};
		613CCDDD1B98C2FC00084D85 /* Launch Screen.xib */ = {
			isa = PBXVariantGroup;
			children = (
				613CCDDE1B98C2FC00084D85 /* Base */,
			);
			name = "Launch Screen.xib";
			sourceTree = "<group>";
		};
/* End PBXVariantGroup section */

/* Begin XCBuildConfiguration section */
		613CCD8B1B9787A500084D85 /* Debug */ = {
			isa = XCBuildConfiguration;
			buildSettings = {
				ALWAYS_SEARCH_USER_PATHS = NO;
				CLANG_CXX_LANGUAGE_STANDARD = "gnu++0x";
				CLANG_CXX_LIBRARY = "libc++";
				CLANG_ENABLE_MODULES = YES;
				CLANG_ENABLE_OBJC_ARC = YES;
				CLANG_WARN_BOOL_CONVERSION = YES;
				CLANG_WARN_CONSTANT_CONVERSION = YES;
				CLANG_WARN_DIRECT_OBJC_ISA_USAGE = YES_ERROR;
				CLANG_WARN_EMPTY_BODY = YES;
				CLANG_WARN_ENUM_CONVERSION = YES;
				CLANG_WARN_INT_CONVERSION = YES;
				CLANG_WARN_OBJC_ROOT_CLASS = YES_ERROR;
				CLANG_WARN_UNREACHABLE_CODE = YES;
				CLANG_WARN__DUPLICATE_METHOD_MATCH = YES;
				"CODE_SIGN_IDENTITY[sdk=iphoneos*]" = "iPhone Developer";
				COPY_PHASE_STRIP = NO;
				DEBUG_INFORMATION_FORMAT = "dwarf-with-dsym";
				ENABLE_STRICT_OBJC_MSGSEND = YES;
				GCC_C_LANGUAGE_STANDARD = gnu99;
				GCC_DYNAMIC_NO_PIC = NO;
				GCC_NO_COMMON_BLOCKS = YES;
				GCC_OPTIMIZATION_LEVEL = 0;
				GCC_PREPROCESSOR_DEFINITIONS = (
					"DEBUG=1",
					"$(inherited)",
				);
				GCC_SYMBOLS_PRIVATE_EXTERN = NO;
				GCC_WARN_64_TO_32_BIT_CONVERSION = YES;
				GCC_WARN_ABOUT_RETURN_TYPE = YES_ERROR;
				GCC_WARN_UNDECLARED_SELECTOR = YES;
				GCC_WARN_UNINITIALIZED_AUTOS = YES_AGGRESSIVE;
				GCC_WARN_UNUSED_FUNCTION = YES;
				GCC_WARN_UNUSED_VARIABLE = YES;
				IPHONEOS_DEPLOYMENT_TARGET = 8.4;
				MTL_ENABLE_DEBUG_INFO = YES;
				ONLY_ACTIVE_ARCH = YES;
				SDKROOT = iphoneos;
				SWIFT_OPTIMIZATION_LEVEL = "-Onone";
				TARGETED_DEVICE_FAMILY = "1,2";
			};
			name = Debug;
		};
		613CCD8C1B9787A500084D85 /* Release */ = {
			isa = XCBuildConfiguration;
			buildSettings = {
				ALWAYS_SEARCH_USER_PATHS = NO;
				CLANG_CXX_LANGUAGE_STANDARD = "gnu++0x";
				CLANG_CXX_LIBRARY = "libc++";
				CLANG_ENABLE_MODULES = YES;
				CLANG_ENABLE_OBJC_ARC = YES;
				CLANG_WARN_BOOL_CONVERSION = YES;
				CLANG_WARN_CONSTANT_CONVERSION = YES;
				CLANG_WARN_DIRECT_OBJC_ISA_USAGE = YES_ERROR;
				CLANG_WARN_EMPTY_BODY = YES;
				CLANG_WARN_ENUM_CONVERSION = YES;
				CLANG_WARN_INT_CONVERSION = YES;
				CLANG_WARN_OBJC_ROOT_CLASS = YES_ERROR;
				CLANG_WARN_UNREACHABLE_CODE = YES;
				CLANG_WARN__DUPLICATE_METHOD_MATCH = YES;
				"CODE_SIGN_IDENTITY[sdk=iphoneos*]" = "iPhone Developer";
				COPY_PHASE_STRIP = NO;
				DEBUG_INFORMATION_FORMAT = "dwarf-with-dsym";
				ENABLE_NS_ASSERTIONS = NO;
				ENABLE_STRICT_OBJC_MSGSEND = YES;
				GCC_C_LANGUAGE_STANDARD = gnu99;
				GCC_NO_COMMON_BLOCKS = YES;
				GCC_WARN_64_TO_32_BIT_CONVERSION = YES;
				GCC_WARN_ABOUT_RETURN_TYPE = YES_ERROR;
				GCC_WARN_UNDECLARED_SELECTOR = YES;
				GCC_WARN_UNINITIALIZED_AUTOS = YES_AGGRESSIVE;
				GCC_WARN_UNUSED_FUNCTION = YES;
				GCC_WARN_UNUSED_VARIABLE = YES;
				IPHONEOS_DEPLOYMENT_TARGET = 8.4;
				MTL_ENABLE_DEBUG_INFO = NO;
				SDKROOT = iphoneos;
				TARGETED_DEVICE_FAMILY = "1,2";
				VALIDATE_PRODUCT = YES;
			};
			name = Release;
		};
		613CCD8E1B9787A500084D85 /* Debug */ = {
			isa = XCBuildConfiguration;
			buildSettings = {
				ASSETCATALOG_COMPILER_APPICON_NAME = AppIcon;
				ASSETCATALOG_COMPILER_LAUNCHIMAGE_NAME = LaunchImage;
				CLANG_CXX_LANGUAGE_STANDARD = "compiler-default";
				CLANG_CXX_LIBRARY = "compiler-default";
				CLANG_ENABLE_MODULES = YES;
				COMPRESS_PNG_FILES = NO;
				DEFINES_MODULE = YES;
				FRAMEWORK_SEARCH_PATHS = (
					"$(inherited)",
					"$(PROJECT_DIR)/HelloMotionDetectSwift/SDK",
				);
				GCC_C_LANGUAGE_STANDARD = "compiler-default";
				INFOPLIST_FILE = HelloMotionDetectSwift/Info.plist;
				IPHONEOS_DEPLOYMENT_TARGET = 8.0;
				LD_RUNPATH_SEARCH_PATHS = "$(inherited) @executable_path/Frameworks";
				LINK_WITH_STANDARD_LIBRARIES = YES;
				ONLY_ACTIVE_ARCH = NO;
				OTHER_LIBTOOLFLAGS = "-mthumb -lstdc++ -lz -lm -mfpu=neon -mtune=cortex-a8";
				PRODUCT_NAME = "$(TARGET_NAME)";
				SWIFT_OBJC_BRIDGING_HEADER = "HelloMotionDetectSwift/HelloMotionDetectSwift-Bridging-Header.h";
				SWIFT_OPTIMIZATION_LEVEL = "-Onone";
			};
			name = Debug;
		};
		613CCD8F1B9787A500084D85 /* Release */ = {
			isa = XCBuildConfiguration;
			buildSettings = {
				ASSETCATALOG_COMPILER_APPICON_NAME = AppIcon;
				ASSETCATALOG_COMPILER_LAUNCHIMAGE_NAME = LaunchImage;
				CLANG_CXX_LANGUAGE_STANDARD = "compiler-default";
				CLANG_CXX_LIBRARY = "compiler-default";
				CLANG_ENABLE_MODULES = YES;
				COMPRESS_PNG_FILES = NO;
				DEFINES_MODULE = YES;
				FRAMEWORK_SEARCH_PATHS = (
					"$(inherited)",
					"$(PROJECT_DIR)/HelloMotionDetectSwift/SDK",
				);
				GCC_C_LANGUAGE_STANDARD = "compiler-default";
				INFOPLIST_FILE = HelloMotionDetectSwift/Info.plist;
				IPHONEOS_DEPLOYMENT_TARGET = 8.0;
				LD_RUNPATH_SEARCH_PATHS = "$(inherited) @executable_path/Frameworks";
				LINK_WITH_STANDARD_LIBRARIES = YES;
				ONLY_ACTIVE_ARCH = NO;
				OTHER_LIBTOOLFLAGS = "-mthumb -lstdc++ -lz -lm -mfpu=neon -mtune=cortex-a8";
				PRODUCT_NAME = "$(TARGET_NAME)";
				SWIFT_OBJC_BRIDGING_HEADER = "HelloMotionDetectSwift/HelloMotionDetectSwift-Bridging-Header.h";
			};
			name = Release;
		};
/* End XCBuildConfiguration section */

/* Begin XCConfigurationList section */
		613CCD691B9787A500084D85 /* Build configuration list for PBXProject "HelloMotionDetectSwift" */ = {
			isa = XCConfigurationList;
			buildConfigurations = (
				613CCD8B1B9787A500084D85 /* Debug */,
				613CCD8C1B9787A500084D85 /* Release */,
			);
			defaultConfigurationIsVisible = 0;
			defaultConfigurationName = Release;
		};
		613CCD8D1B9787A500084D85 /* Build configuration list for PBXNativeTarget "HelloMotionDetectSwift" */ = {
			isa = XCConfigurationList;
			buildConfigurations = (
				613CCD8E1B9787A500084D85 /* Debug */,
				613CCD8F1B9787A500084D85 /* Release */,
			);
			defaultConfigurationIsVisible = 0;
			defaultConfigurationName = Release;
		};
/* End XCConfigurationList section */
	};
	rootObject = 613CCD661B9787A500084D85 /* Project object */;
}
